lockfileVersion: '9.0'

settings:
  autoInstallPeers: true
  excludeLinksFromLockfile: false

importers:

  .:
    dependencies:
      happy-dom:
        specifier: ^17.1.1
        version: 17.1.1
    devDependencies:
      typescript:
        specifier: ^5.7.3
        version: 5.7.3

packages:

  happy-dom@17.1.1:
    resolution: {integrity: sha512-OSTkBlmD/6Do7gCd7nZB5iFq1bF9VQg/iFmjHmxvVX2S1UiOpo6sT+aFNnu3XUsB8hCZb9+GZ0G1g1TaMiAggw==}
    engines: {node: '>=18.0.0'}

  typescript@5.7.3:
    resolution: {integrity: sha512-84MVSjMEHP+FQRPy3pX9sTVV/INIex71s9TL2Gm5FG/WG1SqXeKyZ0k7/blY/4FdOzI12CBy1vGc4og/eus0fw==}
    engines: {node: '>=14.17'}
    hasBin: true

  webidl-conversions@7.0.0:
    resolution: {integrity: sha512-VwddBukDzu71offAQR975unBIGqfKZpM+8ZX6ySk8nYhVoo5CYaZyzt3YBvYtRtO+aoGlqxPg/B87NGVZ/fu6g==}
    engines: {node: '>=12'}

  whatwg-mimetype@3.0.0:
    resolution: {integrity: sha512-nt+N2dzIutVRxARx1nghPKGv1xHikU7HKdfafKkLNLindmPU/ch3U31NOCGGA/dmPcmb1VlofO0vnKAcsm0o/Q==}
    engines: {node: '>=12'}

snapshots:

  happy-dom@17.1.1:
    dependencies:
      webidl-conversions: 7.0.0
      whatwg-mimetype: 3.0.0

  typescript@5.7.3: {}

  webidl-conversions@7.0.0: {}

  whatwg-mimetype@3.0.0: {}
